{
  "version": 4,
  "terraform_version": "1.2.8",
  "serial": 42,
  "lineage": "7b168d8d-eca2-8b2f-695e-8eb7d504a9e5",
  "outputs": {},
  "resources": [
    {
      "mode": "managed",
      "type": "aws_instance",
      "name": "SshKeyTest",
      "provider": "provider[\"registry.terraform.io/hashicorp/aws\"]",
      "instances": [
        {
          "schema_version": 1,
          "attributes": {
            "ami": "ami-a58d0dc5",
            "arn": "arn:aws:ec2:us-west-2:395053504835:instance/i-00c0309bda446c90d",
            "associate_public_ip_address": true,
            "availability_zone": "us-west-2c",
            "capacity_reservation_specification": [
              {
                "capacity_reservation_preference": "open",
                "capacity_reservation_target": []
              }
            ],
            "cpu_core_count": 1,
            "cpu_threads_per_core": 1,
            "credit_specification": [
              {
                "cpu_credits": "standard"
              }
            ],
            "disable_api_stop": false,
            "disable_api_termination": false,
            "ebs_block_device": [],
            "ebs_optimized": false,
            "enclave_options": [
              {
                "enabled": false
              }
            ],
            "ephemeral_block_device": [],
            "get_password_data": false,
            "hibernation": false,
            "host_id": null,
            "host_resource_group_arn": null,
            "iam_instance_profile": "",
            "id": "i-00c0309bda446c90d",
            "instance_initiated_shutdown_behavior": "stop",
            "instance_state": "running",
            "instance_type": "t2.micro",
            "ipv6_address_count": 0,
            "ipv6_addresses": [],
            "key_name": "",
            "launch_template": [],
            "maintenance_options": [
              {
                "auto_recovery": "default"
              }
            ],
            "metadata_options": [
              {
                "http_endpoint": "enabled",
                "http_put_response_hop_limit": 1,
                "http_tokens": "optional",
                "instance_metadata_tags": "disabled"
              }
            ],
            "monitoring": false,
            "network_interface": [],
            "outpost_arn": "",
            "password_data": "",
            "placement_group": "",
            "placement_partition_number": null,
            "primary_network_interface_id": "eni-091ab9ba161601a39",
            "private_dns": "ip-172-31-13-179.us-west-2.compute.internal",
            "private_dns_name_options": [
              {
                "enable_resource_name_dns_a_record": false,
                "enable_resource_name_dns_aaaa_record": false,
                "hostname_type": "ip-name"
              }
            ],
            "private_ip": "172.31.13.179",
            "public_dns": "ec2-52-25-249-69.us-west-2.compute.amazonaws.com",
            "public_ip": "52.25.249.69",
            "root_block_device": [
              {
                "delete_on_termination": true,
                "device_name": "/dev/sda1",
                "encrypted": false,
                "iops": 100,
                "kms_key_id": "",
                "tags": {},
                "throughput": 0,
                "volume_id": "vol-09f1ff34fe8fcec70",
                "volume_size": 8,
                "volume_type": "gp2"
              }
            ],
            "secondary_private_ips": [],
            "security_groups": [
              "default"
            ],
            "source_dest_check": true,
            "subnet_id": "subnet-caa7bd92",
            "tags": {
              "Name": "HelloWorld"
            },
            "tags_all": {
              "Name": "HelloWorld"
            },
            "tenancy": "default",
            "timeouts": null,
            "user_data": null,
            "user_data_base64": null,
            "user_data_replace_on_change": false,
            "volume_tags": null,
            "vpc_security_group_ids": [
              "sg-b48b47cf"
            ]
          },
          "sensitive_attributes": [],
          "private": "eyJlMmJmYjczMC1lY2FhLTExZTYtOGY4OC0zNDM2M2JjN2M0YzAiOnsiY3JlYXRlIjo2MDAwMDAwMDAwMDAsImRlbGV0ZSI6MTIwMDAwMDAwMDAwMCwidXBkYXRlIjo2MDAwMDAwMDAwMDB9LCJzY2hlbWFfdmVyc2lvbiI6IjEifQ=="
        }
      ]
    },
    {
      "mode": "managed",
      "type": "aws_key_pair",
      "name": "foobar_key",
      "provider": "provider[\"registry.terraform.io/hashicorp/aws\"]",
      "instances": [
        {
          "schema_version": 1,
          "attributes": {
            "arn": "arn:aws:ec2:us-west-2:395053504835:key-pair/sam_test_new_key",
            "fingerprint": "71:98:ec:ff:60:78:78:ce:cf:62:6b:3e:84:0c:53:0b",
            "id": "sam_test_new_key",
            "key_name": "sam_test_new_key",
            "key_name_prefix": "",
            "key_pair_id": "key-0d5d3ff86e762e798",
            "key_type": "rsa",
            "public_key": "ssh-rsa AAAAB3NzaC1yc2EAAAADAQABAAABgQDK0yEgSJyau/533a1nlAusY1YbFzk5MKW8/lFAaO596tepCz51/k1N1J3mHMCi+6hQGhYoTtgsg8/ZG9LhXh7541NI5R9wwzbNcmk5AAIgMlU9hhUynjLYmr3HDidXinAw8akZ8z4QTiXaie+ui8eovUcFDbldEA5Z3iO6M0b4XxP1wJAfCAYpbUmsRfNZV+w5yZuwuze+wQbkAJh6eo64/hl+BHJiLOA0hyYvs8dW3O/8dks9wMw+9Y+L51SS0hswdvk8me9knlNDQ9RC/COfF9VSOcGPCk2qcvE5fMPmVeGLe8S+z/imqV57u4JhXsN8eMWtwEwz/awmNKoU7erNKLwR6s62EurKaR4vg/eQoqaCZr+B9VRZ7lk/lIlrh7T/tPqAXciZw+Tc2xSKW8SmyEIiwbbPlHiDz0ENtYC8gGQOO9nbKhSHj07pM1fiZxY6EP0S45KWLQt8xnUdBw/aQX6KED+WunUu4DJP1Xhzfqghc122EJNZtMv5PrDnWfM= shaycraft@MacBook-Pro.local",
            "tags": null,
            "tags_all": {}
          },
          "sensitive_attributes": [],
          "private": "eyJzY2hlbWFfdmVyc2lvbiI6IjEifQ=="
        }
      ]
    }
  ]
}
