{
  "version": 4,
  "terraform_version": "1.2.9",
  "serial": 66,
  "lineage": "7b168d8d-eca2-8b2f-695e-8eb7d504a9e5",
  "outputs": {},
  "resources": [
    {
      "mode": "managed",
      "type": "aws_instance",
      "name": "SshKeyTest",
      "provider": "provider[\"registry.terraform.io/hashicorp/aws\"]",
      "instances": [
        {
          "schema_version": 1,
          "attributes": {
            "ami": "ami-a58d0dc5",
            "arn": "arn:aws:ec2:us-west-2:395053504835:instance/i-0db13c8aac8761a84",
            "associate_public_ip_address": true,
            "availability_zone": "us-west-2b",
            "capacity_reservation_specification": [
              {
                "capacity_reservation_preference": "open",
                "capacity_reservation_target": []
              }
            ],
            "cpu_core_count": 1,
            "cpu_threads_per_core": 1,
            "credit_specification": [
              {
                "cpu_credits": "standard"
              }
            ],
            "disable_api_stop": false,
            "disable_api_termination": false,
            "ebs_block_device": [],
            "ebs_optimized": false,
            "enclave_options": [
              {
                "enabled": false
              }
            ],
            "ephemeral_block_device": [],
            "get_password_data": false,
            "hibernation": false,
            "host_id": null,
            "host_resource_group_arn": null,
            "iam_instance_profile": "",
            "id": "i-0db13c8aac8761a84",
            "instance_initiated_shutdown_behavior": "stop",
            "instance_state": "running",
            "instance_type": "t2.micro",
            "ipv6_address_count": 0,
            "ipv6_addresses": [],
            "key_name": "sam_test_new_key",
            "launch_template": [],
            "maintenance_options": [
              {
                "auto_recovery": "default"
              }
            ],
            "metadata_options": [
              {
                "http_endpoint": "enabled",
                "http_put_response_hop_limit": 1,
                "http_tokens": "optional",
                "instance_metadata_tags": "disabled"
              }
            ],
            "monitoring": false,
            "network_interface": [],
            "outpost_arn": "",
            "password_data": "",
            "placement_group": "",
            "placement_partition_number": null,
            "primary_network_interface_id": "eni-04bd725fcd9e93f40",
            "private_dns": "ip-172-31-22-25.us-west-2.compute.internal",
            "private_dns_name_options": [
              {
                "enable_resource_name_dns_a_record": false,
                "enable_resource_name_dns_aaaa_record": false,
                "hostname_type": "ip-name"
              }
            ],
            "private_ip": "172.31.22.25",
            "public_dns": "ec2-35-91-19-15.us-west-2.compute.amazonaws.com",
            "public_ip": "35.91.19.15",
            "root_block_device": [
              {
                "delete_on_termination": true,
                "device_name": "/dev/sda1",
                "encrypted": false,
                "iops": 100,
                "kms_key_id": "",
                "tags": {},
                "throughput": 0,
                "volume_id": "vol-01f1d3c0f7ccc23ff",
                "volume_size": 8,
                "volume_type": "gp2"
              }
            ],
            "secondary_private_ips": [],
            "security_groups": [
              "terraform-20220912224449602900000001"
            ],
            "source_dest_check": true,
            "subnet_id": "subnet-5cdcb73b",
            "tags": {
              "Name": "SshKeyTest"
            },
            "tags_all": {
              "Name": "SshKeyTest"
            },
            "tenancy": "default",
            "timeouts": null,
            "user_data": null,
            "user_data_base64": null,
            "user_data_replace_on_change": false,
            "volume_tags": null,
            "vpc_security_group_ids": [
              "sg-0be422b09e6001679"
            ]
          },
          "sensitive_attributes": [],
          "private": "eyJlMmJmYjczMC1lY2FhLTExZTYtOGY4OC0zNDM2M2JjN2M0YzAiOnsiY3JlYXRlIjo2MDAwMDAwMDAwMDAsImRlbGV0ZSI6MTIwMDAwMDAwMDAwMCwidXBkYXRlIjo2MDAwMDAwMDAwMDB9LCJzY2hlbWFfdmVyc2lvbiI6IjEifQ==",
          "dependencies": [
            "aws_security_group.main"
          ]
        }
      ]
    },
    {
      "mode": "managed",
      "type": "aws_key_pair",
      "name": "sam_test_new_key",
      "provider": "provider[\"registry.terraform.io/hashicorp/aws\"]",
      "instances": [
        {
          "schema_version": 1,
          "attributes": {
            "arn": "arn:aws:ec2:us-west-2:395053504835:key-pair/sam_test_new_key",
            "fingerprint": "71:98:ec:ff:60:78:78:ce:cf:62:6b:3e:84:0c:53:0b",
            "id": "sam_test_new_key",
            "key_name": "sam_test_new_key",
            "key_name_prefix": "",
            "key_pair_id": "key-058fdb449b2bc25df",
            "key_type": "rsa",
            "public_key": "ssh-rsa AAAAB3NzaC1yc2EAAAADAQABAAABgQDK0yEgSJyau/533a1nlAusY1YbFzk5MKW8/lFAaO596tepCz51/k1N1J3mHMCi+6hQGhYoTtgsg8/ZG9LhXh7541NI5R9wwzbNcmk5AAIgMlU9hhUynjLYmr3HDidXinAw8akZ8z4QTiXaie+ui8eovUcFDbldEA5Z3iO6M0b4XxP1wJAfCAYpbUmsRfNZV+w5yZuwuze+wQbkAJh6eo64/hl+BHJiLOA0hyYvs8dW3O/8dks9wMw+9Y+L51SS0hswdvk8me9knlNDQ9RC/COfF9VSOcGPCk2qcvE5fMPmVeGLe8S+z/imqV57u4JhXsN8eMWtwEwz/awmNKoU7erNKLwR6s62EurKaR4vg/eQoqaCZr+B9VRZ7lk/lIlrh7T/tPqAXciZw+Tc2xSKW8SmyEIiwbbPlHiDz0ENtYC8gGQOO9nbKhSHj07pM1fiZxY6EP0S45KWLQt8xnUdBw/aQX6KED+WunUu4DJP1Xhzfqghc122EJNZtMv5PrDnWfM= shaycraft@MacBook-Pro.local",
            "tags": null,
            "tags_all": {}
          },
          "sensitive_attributes": [],
          "private": "eyJzY2hlbWFfdmVyc2lvbiI6IjEifQ=="
        }
      ]
    },
    {
      "mode": "managed",
      "type": "aws_security_group",
      "name": "main",
      "provider": "provider[\"registry.terraform.io/hashicorp/aws\"]",
      "instances": [
        {
          "schema_version": 1,
          "attributes": {
            "arn": "arn:aws:ec2:us-west-2:395053504835:security-group/sg-0be422b09e6001679",
            "description": "Managed by Terraform",
            "egress": [
              {
                "cidr_blocks": [
                  "0.0.0.0/0"
                ],
                "description": "",
                "from_port": 0,
                "ipv6_cidr_blocks": [],
                "prefix_list_ids": [],
                "protocol": "-1",
                "security_groups": [],
                "self": false,
                "to_port": 0
              }
            ],
            "id": "sg-0be422b09e6001679",
            "ingress": [
              {
                "cidr_blocks": [
                  "0.0.0.0/0"
                ],
                "description": "",
                "from_port": 22,
                "ipv6_cidr_blocks": [],
                "prefix_list_ids": [],
                "protocol": "tcp",
                "security_groups": [],
                "self": false,
                "to_port": 22
              }
            ],
            "name": "terraform-20220912224449602900000001",
            "name_prefix": "terraform-",
            "owner_id": "395053504835",
            "revoke_rules_on_delete": false,
            "tags": null,
            "tags_all": {},
            "timeouts": null,
            "vpc_id": "vpc-3cfca05b"
          },
          "sensitive_attributes": [],
          "private": "eyJlMmJmYjczMC1lY2FhLTExZTYtOGY4OC0zNDM2M2JjN2M0YzAiOnsiY3JlYXRlIjo2MDAwMDAwMDAwMDAsImRlbGV0ZSI6OTAwMDAwMDAwMDAwfSwic2NoZW1hX3ZlcnNpb24iOiIxIn0="
        }
      ]
    }
  ]
}
