{
  "version": 4,
  "terraform_version": "1.2.8",
  "serial": 47,
  "lineage": "7b168d8d-eca2-8b2f-695e-8eb7d504a9e5",
  "outputs": {},
  "resources": [
    {
      "mode": "managed",
      "type": "aws_key_pair",
      "name": "foobar_key",
      "provider": "provider[\"registry.terraform.io/hashicorp/aws\"]",
      "instances": [
        {
          "schema_version": 1,
          "attributes": {
            "arn": "arn:aws:ec2:us-west-2:395053504835:key-pair/sam_test_new_key",
            "fingerprint": "71:98:ec:ff:60:78:78:ce:cf:62:6b:3e:84:0c:53:0b",
            "id": "sam_test_new_key",
            "key_name": "sam_test_new_key",
            "key_name_prefix": "",
            "key_pair_id": "key-0d5d3ff86e762e798",
            "key_type": "rsa",
            "public_key": "ssh-rsa AAAAB3NzaC1yc2EAAAADAQABAAABgQDK0yEgSJyau/533a1nlAusY1YbFzk5MKW8/lFAaO596tepCz51/k1N1J3mHMCi+6hQGhYoTtgsg8/ZG9LhXh7541NI5R9wwzbNcmk5AAIgMlU9hhUynjLYmr3HDidXinAw8akZ8z4QTiXaie+ui8eovUcFDbldEA5Z3iO6M0b4XxP1wJAfCAYpbUmsRfNZV+w5yZuwuze+wQbkAJh6eo64/hl+BHJiLOA0hyYvs8dW3O/8dks9wMw+9Y+L51SS0hswdvk8me9knlNDQ9RC/COfF9VSOcGPCk2qcvE5fMPmVeGLe8S+z/imqV57u4JhXsN8eMWtwEwz/awmNKoU7erNKLwR6s62EurKaR4vg/eQoqaCZr+B9VRZ7lk/lIlrh7T/tPqAXciZw+Tc2xSKW8SmyEIiwbbPlHiDz0ENtYC8gGQOO9nbKhSHj07pM1fiZxY6EP0S45KWLQt8xnUdBw/aQX6KED+WunUu4DJP1Xhzfqghc122EJNZtMv5PrDnWfM= shaycraft@MacBook-Pro.local",
            "tags": {},
            "tags_all": {}
          },
          "sensitive_attributes": [],
          "private": "eyJzY2hlbWFfdmVyc2lvbiI6IjEifQ=="
        }
      ]
    }
  ]
}
